
Microsoft Visual Studio Solution File, Format Version 12.00
# Visual Studio Version 17
VisualStudioVersion = 17.0.31903.59
MinimumVisualStudioVersion = 10.0.40219.1
Project("{9A19103F-16F7-4668-BE54-9A1E7A4F7556}") = "Nightbane", "Nightbane.csproj", "{9EA6ADFA-EA4D-4546-82F4-B951CD8DDAD3}"
EndProject
Global
	GlobalSection(SolutionConfigurationPlatforms) = preSolution
		Debug|Any CPU = Debug|Any CPU
		ExportDebug|Any CPU = ExportDebug|Any CPU
		ExportRelease|Any CPU = ExportRelease|Any CPU
	EndGlobalSection
	GlobalSection(ProjectConfigurationPlatforms) = postSolution
		{9EA6ADFA-EA4D-4546-82F4-B951CD8DDAD3}.Debug|Any CPU.ActiveCfg = Debug|Any CPU
		{9EA6ADFA-EA4D-4546-82F4-B951CD8DDAD3}.Debug|Any CPU.Build.0 = Debug|Any CPU
		{9EA6ADFA-EA4D-4546-82F4-B951CD8DDAD3}.ExportDebug|Any CPU.ActiveCfg = ExportDebug|Any CPU
		{9EA6ADFA-EA4D-4546-82F4-B951CD8DDAD3}.ExportDebug|Any CPU.Build.0 = ExportDebug|Any CPU
		{9EA6ADFA-EA4D-4546-82F4-B951CD8DDAD3}.ExportRelease|Any CPU.ActiveCfg = ExportRelease|Any CPU
		{9EA6ADFA-EA4D-4546-82F4-B951CD8DDAD3}.ExportRelease|Any CPU.Build.0 = ExportRelease|Any CPU
	EndGlobalSection
	GlobalSection(SolutionProperties) = preSolution
		HideSolutionNode = FALSE
	EndGlobalSection
	GlobalSection(SolutionGuid) = postSolution
		SolutionGUID = {883DBA86-CF10-4F62-AD94-8A4097108E35}
	EndGlobalSection
EndGlobal
